PODS:
  - CocoaLumberjack (2.2.0):
    - CocoaLumberjack/Default (= 2.2.0)
    - CocoaLumberjack/Extensions (= 2.2.0)
  - CocoaLumberjack/Core (2.2.0)
  - CocoaLumberjack/Default (2.2.0):
    - CocoaLumberjack/Core
  - CocoaLumberjack/Extensions (2.2.0):
    - CocoaLumberjack/Default
  - DevMateKit (1.5)
  - NSHash (1.0.1)
  - PXSourceList (2.0.7)

DEPENDENCIES:
  - CocoaLumberjack
  - DevMateKit
  - NSHash (~> 1.0.1)
  - PXSourceList (~> 2.0)

SPEC CHECKSUMS:
  CocoaLumberjack: 17fe8581f84914d5d7e6360f7c70022b173c3ae0
  DevMateKit: 3430293ac85f32f030542002f60d26a2a7b3f3d0
  NSHash: d0112ce250f5d2618ab452718c6882f5276e2d4f
  PXSourceList: 8e37978a5db6c8d8d255f8913603bcea322c6445

COCOAPODS: 0.39.0
