PODS:
  - CocoaLumberjack (2.0.0-rc):
    - CocoaLumberjack/Default (= 2.0.0-rc)
    - CocoaLumberjack/Extensions (= 2.0.0-rc)
  - CocoaLumberjack/Core (2.0.0-rc)
  - CocoaLumberjack/Default (2.0.0-rc):
    - CocoaLumberjack/Core
  - CocoaLumberjack/Extensions (2.0.0-rc):
    - CocoaLumberjack/Default
  - NSHash (1.0.1)
  - PXSourceList (2.0.7)

DEPENDENCIES:
  - CocoaLumberjack (= 2.0.0-rc)
  - NSHash (~> 1.0.1)
  - PXSourceList (~> 2.0)

SPEC CHECKSUMS:
  CocoaLumberjack: 04c5b9b7479dd4276a09700fcd6644423ea1751c
  NSHash: d0112ce250f5d2618ab452718c6882f5276e2d4f
  PXSourceList: 8e37978a5db6c8d8d255f8913603bcea322c6445

COCOAPODS: 0.37.1
