// !$*UTF8*$!
{
	archiveVersion = 1;
	classes = {
	};
	objectVersion = 46;
	objects = {

/* Begin PBXBuildFile section */
		2F7446990DB6B7EA00F9684A /* MainMenu.xib in Resources */ = {isa = PBXBuildFile; fileRef = 2F7446970DB6B7EA00F9684A /* MainMenu.xib */; };
		770B37ED0679A11B001EADE2 /* MunkiAdmin_DataModel.xcdatamodel in Sources */ = {isa = PBXBuildFile; fileRef = 770B37EC0679A11B001EADE2 /* MunkiAdmin_DataModel.xcdatamodel */; };
		77C8280E06725ACE000B614F /* MunkiAdmin_AppDelegate.m in Sources */ = {isa = PBXBuildFile; fileRef = 77C8280C06725ACE000B614F /* MunkiAdmin_AppDelegate.m */; };
		8D11072B0486CEB800E47090 /* InfoPlist.strings in Resources */ = {isa = PBXBuildFile; fileRef = 089C165CFE840E0CC02AAC07 /* InfoPlist.strings */; };
		8D11072D0486CEB800E47090 /* main.m in Sources */ = {isa = PBXBuildFile; fileRef = 29B97316FDCFA39411CA2CEA /* main.m */; settings = {ATTRIBUTES = (); }; };
		8D11072F0486CEB800E47090 /* Cocoa.framework in Frameworks */ = {isa = PBXBuildFile; fileRef = 1058C7A1FEA54F0111CA2CBB /* Cocoa.framework */; };
		F508094F1105900E0058C7AC /* ApplicationsArrayController.m in Sources */ = {isa = PBXBuildFile; fileRef = F508094E1105900E0058C7AC /* ApplicationsArrayController.m */; };
		F508522E11084C39001DAD73 /* GradientBackgroundView.m in Sources */ = {isa = PBXBuildFile; fileRef = F508522D11084C39001DAD73 /* GradientBackgroundView.m */; };
		F508526E11085A5A001DAD73 /* ManifestsArrayController.m in Sources */ = {isa = PBXBuildFile; fileRef = F508526D11085A5A001DAD73 /* ManifestsArrayController.m */; };
		F50AC6AF12B9FDC30069EB00 /* ManifestItemArrayController.m in Sources */ = {isa = PBXBuildFile; fileRef = F50AC6AE12B9FDC30069EB00 /* ManifestItemArrayController.m */; };
		F50AC6E412BA04360069EB00 /* ManifestItemTableView.m in Sources */ = {isa = PBXBuildFile; fileRef = F50AC6E312BA04360069EB00 /* ManifestItemTableView.m */; };
		F527FE5810FC766E000B29B6 /* CatalogsArrayController.m in Sources */ = {isa = PBXBuildFile; fileRef = F527FE5710FC766E000B29B6 /* CatalogsArrayController.m */; };
		F527FF1F10FC871B000B29B6 /* CatalogInfosArrayController.m in Sources */ = {isa = PBXBuildFile; fileRef = F527FF1E10FC871B000B29B6 /* CatalogInfosArrayController.m */; };
		F52989CA1276AD9200F836B5 /* packagesMultipleIcon2.png in Resources */ = {isa = PBXBuildFile; fileRef = F52989C91276AD9200F836B5 /* packagesMultipleIcon2.png */; };
		F5299A5A10FB6AB00074CFEA /* PackageArrayController.m in Sources */ = {isa = PBXBuildFile; fileRef = F5299A5910FB6AB00074CFEA /* PackageArrayController.m */; };
		F5299AAC10FB75E00074CFEA /* open alt.tiff in Resources */ = {isa = PBXBuildFile; fileRef = F5299AAB10FB75E00074CFEA /* open alt.tiff */; };
		F5299AB010FB76270074CFEA /* install.tiff in Resources */ = {isa = PBXBuildFile; fileRef = F5299AAF10FB76270074CFEA /* install.tiff */; };
		F5299AB710FB76D20074CFEA /* archive.tiff in Resources */ = {isa = PBXBuildFile; fileRef = F5299AB110FB76D20074CFEA /* archive.tiff */; };
		F5299AB810FB76D20074CFEA /* copy doc.tiff in Resources */ = {isa = PBXBuildFile; fileRef = F5299AB210FB76D20074CFEA /* copy doc.tiff */; };
		F5299AB910FB76D20074CFEA /* edit.tiff in Resources */ = {isa = PBXBuildFile; fileRef = F5299AB310FB76D20074CFEA /* edit.tiff */; };
		F5299ABA10FB76D20074CFEA /* refresh.tiff in Resources */ = {isa = PBXBuildFile; fileRef = F5299AB410FB76D20074CFEA /* refresh.tiff */; };
		F5299ABB10FB76D20074CFEA /* terminal.tiff in Resources */ = {isa = PBXBuildFile; fileRef = F5299AB510FB76D20074CFEA /* terminal.tiff */; };
		F5299ABC10FB76D20074CFEA /* trash.tiff in Resources */ = {isa = PBXBuildFile; fileRef = F5299AB610FB76D20074CFEA /* trash.tiff */; };
		F5299AD910FB78620074CFEA /* MyCell.m in Sources */ = {isa = PBXBuildFile; fileRef = F5299AD810FB78620074CFEA /* MyCell.m */; };
		F53269A3125AF75C00AF967C /* PkginfoScanner.m in Sources */ = {isa = PBXBuildFile; fileRef = F53269A2125AF75C00AF967C /* PkginfoScanner.m */; };
		F5428B0B1112DF0F00F16D20 /* ApplicationInfosArrayController.m in Sources */ = {isa = PBXBuildFile; fileRef = F5428B0A1112DF0F00F16D20 /* ApplicationInfosArrayController.m */; };
		F555BD43125C6AE8000D9DF6 /* ManifestScanner.m in Sources */ = {isa = PBXBuildFile; fileRef = F555BD42125C6AE8000D9DF6 /* ManifestScanner.m */; };
		F5630B9F11009974001CEC6C /* PackageInfosArrayController.m in Sources */ = {isa = PBXBuildFile; fileRef = F5630B9E11009974001CEC6C /* PackageInfosArrayController.m */; };
		F564873911B503830061B190 /* PreferencesController.m in Sources */ = {isa = PBXBuildFile; fileRef = F564873811B503830061B190 /* PreferencesController.m */; };
		F564874911B504520061B190 /* Preferences.xib in Resources */ = {isa = PBXBuildFile; fileRef = F564874811B504520061B190 /* Preferences.xib */; };
		F594407E10FF58E700E350E7 /* UserDefaults.plist in Resources */ = {isa = PBXBuildFile; fileRef = F594407D10FF58E700E350E7 /* UserDefaults.plist */; };
		F59B724813698044008229E8 /* GradientButtonBarView.m in Sources */ = {isa = PBXBuildFile; fileRef = F59B724713698044008229E8 /* GradientButtonBarView.m */; };
		F5DFC878129546E200B68F4F /* ApplicationMO.m in Sources */ = {isa = PBXBuildFile; fileRef = F5DFC877129546E200B68F4F /* ApplicationMO.m */; };
		F5DFC87A129546E200B68F4F /* ApplicationProxyMO.m in Sources */ = {isa = PBXBuildFile; fileRef = F5DFC879129546E200B68F4F /* ApplicationProxyMO.m */; };
		F5DFC87C129546E300B68F4F /* CatalogInfoMO.m in Sources */ = {isa = PBXBuildFile; fileRef = F5DFC87B129546E300B68F4F /* CatalogInfoMO.m */; };
		F5DFC87E129546E300B68F4F /* CatalogMO.m in Sources */ = {isa = PBXBuildFile; fileRef = F5DFC87D129546E300B68F4F /* CatalogMO.m */; };
		F5DFC880129546E300B68F4F /* InstallsItemMO.m in Sources */ = {isa = PBXBuildFile; fileRef = F5DFC87F129546E300B68F4F /* InstallsItemMO.m */; };
		F5DFC882129546E300B68F4F /* ItemToCopyMO.m in Sources */ = {isa = PBXBuildFile; fileRef = F5DFC881129546E300B68F4F /* ItemToCopyMO.m */; };
		F5DFC884129546E300B68F4F /* ManagedInstallMO.m in Sources */ = {isa = PBXBuildFile; fileRef = F5DFC883129546E300B68F4F /* ManagedInstallMO.m */; };
		F5DFC886129546E400B68F4F /* ManagedUninstallMO.m in Sources */ = {isa = PBXBuildFile; fileRef = F5DFC885129546E400B68F4F /* ManagedUninstallMO.m */; };
		F5DFC888129546E400B68F4F /* ManagedUpdateMO.m in Sources */ = {isa = PBXBuildFile; fileRef = F5DFC887129546E400B68F4F /* ManagedUpdateMO.m */; };
		F5DFC88A129546E400B68F4F /* ManifestInfoMO.m in Sources */ = {isa = PBXBuildFile; fileRef = F5DFC889129546E400B68F4F /* ManifestInfoMO.m */; };
		F5DFC88C129546E400B68F4F /* ManifestMO.m in Sources */ = {isa = PBXBuildFile; fileRef = F5DFC88B129546E400B68F4F /* ManifestMO.m */; };
		F5DFC88E129546E400B68F4F /* OptionalInstallMO.m in Sources */ = {isa = PBXBuildFile; fileRef = F5DFC88D129546E400B68F4F /* OptionalInstallMO.m */; };
		F5DFC890129546E500B68F4F /* PackageInfoMO.m in Sources */ = {isa = PBXBuildFile; fileRef = F5DFC88F129546E500B68F4F /* PackageInfoMO.m */; };
		F5DFC892129546E500B68F4F /* PackageMO.m in Sources */ = {isa = PBXBuildFile; fileRef = F5DFC891129546E500B68F4F /* PackageMO.m */; };
		F5DFC894129546E500B68F4F /* ReceiptMO.m in Sources */ = {isa = PBXBuildFile; fileRef = F5DFC893129546E500B68F4F /* ReceiptMO.m */; };
		F5DFC896129546E500B68F4F /* StringObjectMO.m in Sources */ = {isa = PBXBuildFile; fileRef = F5DFC895129546E500B68F4F /* StringObjectMO.m */; };
		F5DFC8A8129546E800B68F4F /* _ApplicationMO.m in Sources */ = {isa = PBXBuildFile; fileRef = F5DFC8A7129546E800B68F4F /* _ApplicationMO.m */; };
		F5DFC8AA129546E800B68F4F /* _ApplicationProxyMO.m in Sources */ = {isa = PBXBuildFile; fileRef = F5DFC8A9129546E800B68F4F /* _ApplicationProxyMO.m */; };
		F5DFC8AC129546E800B68F4F /* _CatalogInfoMO.m in Sources */ = {isa = PBXBuildFile; fileRef = F5DFC8AB129546E800B68F4F /* _CatalogInfoMO.m */; };
		F5DFC8AE129546E900B68F4F /* _CatalogMO.m in Sources */ = {isa = PBXBuildFile; fileRef = F5DFC8AD129546E900B68F4F /* _CatalogMO.m */; };
		F5DFC8B0129546E900B68F4F /* _InstallsItemMO.m in Sources */ = {isa = PBXBuildFile; fileRef = F5DFC8AF129546E900B68F4F /* _InstallsItemMO.m */; };
		F5DFC8B2129546E900B68F4F /* _ItemToCopyMO.m in Sources */ = {isa = PBXBuildFile; fileRef = F5DFC8B1129546E900B68F4F /* _ItemToCopyMO.m */; };
		F5DFC8B4129546E900B68F4F /* _ManagedInstallMO.m in Sources */ = {isa = PBXBuildFile; fileRef = F5DFC8B3129546E900B68F4F /* _ManagedInstallMO.m */; };
		F5DFC8B6129546EA00B68F4F /* _ManagedUninstallMO.m in Sources */ = {isa = PBXBuildFile; fileRef = F5DFC8B5129546EA00B68F4F /* _ManagedUninstallMO.m */; };
		F5DFC8B8129546EA00B68F4F /* _ManagedUpdateMO.m in Sources */ = {isa = PBXBuildFile; fileRef = F5DFC8B7129546EA00B68F4F /* _ManagedUpdateMO.m */; };
		F5DFC8BA129546EA00B68F4F /* _ManifestInfoMO.m in Sources */ = {isa = PBXBuildFile; fileRef = F5DFC8B9129546EA00B68F4F /* _ManifestInfoMO.m */; };
		F5DFC8BC129546EB00B68F4F /* _ManifestMO.m in Sources */ = {isa = PBXBuildFile; fileRef = F5DFC8BB129546EB00B68F4F /* _ManifestMO.m */; };
		F5DFC8BE129546EB00B68F4F /* _OptionalInstallMO.m in Sources */ = {isa = PBXBuildFile; fileRef = F5DFC8BD129546EB00B68F4F /* _OptionalInstallMO.m */; };
		F5DFC8C0129546EB00B68F4F /* _PackageInfoMO.m in Sources */ = {isa = PBXBuildFile; fileRef = F5DFC8BF129546EB00B68F4F /* _PackageInfoMO.m */; };
		F5DFC8C2129546EB00B68F4F /* _PackageMO.m in Sources */ = {isa = PBXBuildFile; fileRef = F5DFC8C1129546EB00B68F4F /* _PackageMO.m */; };
		F5DFC8C4129546EC00B68F4F /* _ReceiptMO.m in Sources */ = {isa = PBXBuildFile; fileRef = F5DFC8C3129546EC00B68F4F /* _ReceiptMO.m */; };
		F5DFC8C6129546EC00B68F4F /* _StringObjectMO.m in Sources */ = {isa = PBXBuildFile; fileRef = F5DFC8C5129546EC00B68F4F /* _StringObjectMO.m */; };
		F5F63381111824CC007CC030 /* catalogIcon2.png in Resources */ = {isa = PBXBuildFile; fileRef = F5F6337E111824CC007CC030 /* catalogIcon2.png */; };
		F5F63382111824CC007CC030 /* manifestIcon2.png in Resources */ = {isa = PBXBuildFile; fileRef = F5F6337F111824CC007CC030 /* manifestIcon2.png */; };
		F5F63383111824CC007CC030 /* packageIcon2.png in Resources */ = {isa = PBXBuildFile; fileRef = F5F63380111824CC007CC030 /* packageIcon2.png */; };
		F5F6339511182934007CC030 /* catalogIcon3.png in Resources */ = {isa = PBXBuildFile; fileRef = F5F6339411182934007CC030 /* catalogIcon3.png */; };
		F5FF3740125D9D7900AD5BC1 /* MunkiOperation.m in Sources */ = {isa = PBXBuildFile; fileRef = F5FF373F125D9D7900AD5BC1 /* MunkiOperation.m */; };
		FE1C6B78145A797D00BC815F /* PackageNameEditor.m in Sources */ = {isa = PBXBuildFile; fileRef = FE1C6B77145A797D00BC815F /* PackageNameEditor.m */; };
		FE1C6B7B145A7A0300BC815F /* PackageNameEditor.xib in Resources */ = {isa = PBXBuildFile; fileRef = FE1C6B7A145A7A0300BC815F /* PackageNameEditor.xib */; };
		FE781BA3144C0CCE0089E941 /* _InstallerChoicesItemMO.m in Sources */ = {isa = PBXBuildFile; fileRef = FE781BA0144C0CCE0089E941 /* _InstallerChoicesItemMO.m */; };
		FE781BA4144C0CCE0089E941 /* InstallerChoicesItemMO.m in Sources */ = {isa = PBXBuildFile; fileRef = FE781BA2144C0CCE0089E941 /* InstallerChoicesItemMO.m */; };
		FE9F2CD21459586C00D0E687 /* FileCopyOperation.m in Sources */ = {isa = PBXBuildFile; fileRef = FE9F2CD11459586C00D0E687 /* FileCopyOperation.m */; };
		FEABB248144EB39B0006BDE8 /* SelectPkginfoItemsWindow.m in Sources */ = {isa = PBXBuildFile; fileRef = FEABB247144EB39B0006BDE8 /* SelectPkginfoItemsWindow.m */; };
		FEABB24A144EB3AF0006BDE8 /* SelectPkginfoItemsWindow.xib in Resources */ = {isa = PBXBuildFile; fileRef = FEABB249144EB3AF0006BDE8 /* SelectPkginfoItemsWindow.xib */; };
		FEC30F2014516376006747F6 /* SelectManifestItemsWindow.m in Sources */ = {isa = PBXBuildFile; fileRef = FEC30F1F14516376006747F6 /* SelectManifestItemsWindow.m */; };
		FEC30F2214516392006747F6 /* SelectManifestItemsWindow.xib in Resources */ = {isa = PBXBuildFile; fileRef = FEC30F2114516392006747F6 /* SelectManifestItemsWindow.xib */; };
		FEDAA473144D50B1005C8B6F /* ManifestDetailView.m in Sources */ = {isa = PBXBuildFile; fileRef = FEDAA471144D50B1005C8B6F /* ManifestDetailView.m */; };
		FEDAA474144D50B1005C8B6F /* ManifestDetailView.xib in Resources */ = {isa = PBXBuildFile; fileRef = FEDAA472144D50B1005C8B6F /* ManifestDetailView.xib */; };
		FEEBE375145FC5750004791A /* RelationshipScanner.m in Sources */ = {isa = PBXBuildFile; fileRef = FEEBE374145FC5750004791A /* RelationshipScanner.m */; };
/* End PBXBuildFile section */

/* Begin PBXFileReference section */
		089C165DFE840E0CC02AAC07 /* English */ = {isa = PBXFileReference; fileEncoding = 10; lastKnownFileType = text.plist.strings; name = English; path = English.lproj/InfoPlist.strings; sourceTree = "<group>"; };
		1058C7A1FEA54F0111CA2CBB /* Cocoa.framework */ = {isa = PBXFileReference; lastKnownFileType = wrapper.framework; name = Cocoa.framework; path = /System/Library/Frameworks/Cocoa.framework; sourceTree = "<absolute>"; };
		29B97316FDCFA39411CA2CEA /* main.m */ = {isa = PBXFileReference; fileEncoding = 4; lastKnownFileType = sourcecode.c.objc; path = main.m; sourceTree = "<group>"; };
		29B97324FDCFA39411CA2CEA /* AppKit.framework */ = {isa = PBXFileReference; lastKnownFileType = wrapper.framework; name = AppKit.framework; path = /System/Library/Frameworks/AppKit.framework; sourceTree = "<absolute>"; };
		29B97325FDCFA39411CA2CEA /* Foundation.framework */ = {isa = PBXFileReference; lastKnownFileType = wrapper.framework; name = Foundation.framework; path = /System/Library/Frameworks/Foundation.framework; sourceTree = "<absolute>"; };
		2F7446980DB6B7EA00F9684A /* English */ = {isa = PBXFileReference; lastKnownFileType = file.xib; name = English; path = English.lproj/MainMenu.xib; sourceTree = "<group>"; };
		32CA4F630368D1EE00C91783 /* MunkiAdmin_Prefix.pch */ = {isa = PBXFileReference; fileEncoding = 4; lastKnownFileType = sourcecode.c.h; path = MunkiAdmin_Prefix.pch; sourceTree = "<group>"; };
		770B37EC0679A11B001EADE2 /* MunkiAdmin_DataModel.xcdatamodel */ = {isa = PBXFileReference; comments = xmod; fileEncoding = 4; lastKnownFileType = wrapper.xcdatamodel; path = MunkiAdmin_DataModel.xcdatamodel; sourceTree = "<group>"; };
		77C82804067257F0000B614F /* CoreData.framework */ = {isa = PBXFileReference; lastKnownFileType = wrapper.framework; name = CoreData.framework; path = /System/Library/Frameworks/CoreData.framework; sourceTree = "<absolute>"; };
		77C8280B06725ACE000B614F /* MunkiAdmin_AppDelegate.h */ = {isa = PBXFileReference; fileEncoding = 4; lastKnownFileType = sourcecode.c.h; path = MunkiAdmin_AppDelegate.h; sourceTree = "<group>"; };
		77C8280C06725ACE000B614F /* MunkiAdmin_AppDelegate.m */ = {isa = PBXFileReference; fileEncoding = 4; lastKnownFileType = sourcecode.c.objc; path = MunkiAdmin_AppDelegate.m; sourceTree = "<group>"; wrapsLines = 1; };
		8D1107310486CEB800E47090 /* MunkiAdmin-Info.plist */ = {isa = PBXFileReference; explicitFileType = text.plist.xml; fileEncoding = 4; path = "MunkiAdmin-Info.plist"; sourceTree = "<group>"; };
		8D1107320486CEB800E47090 /* MunkiAdmin.app */ = {isa = PBXFileReference; explicitFileType = wrapper.application; includeInIndex = 0; path = MunkiAdmin.app; sourceTree = BUILT_PRODUCTS_DIR; };
		F508094D1105900E0058C7AC /* ApplicationsArrayController.h */ = {isa = PBXFileReference; fileEncoding = 4; lastKnownFileType = sourcecode.c.h; path = ApplicationsArrayController.h; sourceTree = "<group>"; };
		F508094E1105900E0058C7AC /* ApplicationsArrayController.m */ = {isa = PBXFileReference; fileEncoding = 4; lastKnownFileType = sourcecode.c.objc; path = ApplicationsArrayController.m; sourceTree = "<group>"; };
		F508522C11084C39001DAD73 /* GradientBackgroundView.h */ = {isa = PBXFileReference; fileEncoding = 4; lastKnownFileType = sourcecode.c.h; path = GradientBackgroundView.h; sourceTree = "<group>"; };
		F508522D11084C39001DAD73 /* GradientBackgroundView.m */ = {isa = PBXFileReference; fileEncoding = 4; lastKnownFileType = sourcecode.c.objc; path = GradientBackgroundView.m; sourceTree = "<group>"; };
		F508526C11085A5A001DAD73 /* ManifestsArrayController.h */ = {isa = PBXFileReference; fileEncoding = 4; lastKnownFileType = sourcecode.c.h; path = ManifestsArrayController.h; sourceTree = "<group>"; };
		F508526D11085A5A001DAD73 /* ManifestsArrayController.m */ = {isa = PBXFileReference; fileEncoding = 4; lastKnownFileType = sourcecode.c.objc; path = ManifestsArrayController.m; sourceTree = "<group>"; };
		F50AC6AD12B9FDC30069EB00 /* ManifestItemArrayController.h */ = {isa = PBXFileReference; fileEncoding = 4; lastKnownFileType = sourcecode.c.h; path = ManifestItemArrayController.h; sourceTree = "<group>"; };
		F50AC6AE12B9FDC30069EB00 /* ManifestItemArrayController.m */ = {isa = PBXFileReference; fileEncoding = 4; lastKnownFileType = sourcecode.c.objc; path = ManifestItemArrayController.m; sourceTree = "<group>"; };
		F50AC6E212BA04360069EB00 /* ManifestItemTableView.h */ = {isa = PBXFileReference; fileEncoding = 4; lastKnownFileType = sourcecode.c.h; path = ManifestItemTableView.h; sourceTree = "<group>"; };
		F50AC6E312BA04360069EB00 /* ManifestItemTableView.m */ = {isa = PBXFileReference; fileEncoding = 4; lastKnownFileType = sourcecode.c.objc; path = ManifestItemTableView.m; sourceTree = "<group>"; };
		F527FE5610FC766E000B29B6 /* CatalogsArrayController.h */ = {isa = PBXFileReference; fileEncoding = 4; lastKnownFileType = sourcecode.c.h; path = CatalogsArrayController.h; sourceTree = "<group>"; };
		F527FE5710FC766E000B29B6 /* CatalogsArrayController.m */ = {isa = PBXFileReference; fileEncoding = 4; lastKnownFileType = sourcecode.c.objc; path = CatalogsArrayController.m; sourceTree = "<group>"; };
		F527FF1D10FC871B000B29B6 /* CatalogInfosArrayController.h */ = {isa = PBXFileReference; fileEncoding = 4; lastKnownFileType = sourcecode.c.h; path = CatalogInfosArrayController.h; sourceTree = "<group>"; };
		F527FF1E10FC871B000B29B6 /* CatalogInfosArrayController.m */ = {isa = PBXFileReference; fileEncoding = 4; lastKnownFileType = sourcecode.c.objc; path = CatalogInfosArrayController.m; sourceTree = "<group>"; };
		F52989C91276AD9200F836B5 /* packagesMultipleIcon2.png */ = {isa = PBXFileReference; lastKnownFileType = image.png; path = packagesMultipleIcon2.png; sourceTree = "<group>"; };
		F5299A5810FB6AB00074CFEA /* PackageArrayController.h */ = {isa = PBXFileReference; fileEncoding = 4; lastKnownFileType = sourcecode.c.h; path = PackageArrayController.h; sourceTree = "<group>"; };
		F5299A5910FB6AB00074CFEA /* PackageArrayController.m */ = {isa = PBXFileReference; fileEncoding = 4; lastKnownFileType = sourcecode.c.objc; path = PackageArrayController.m; sourceTree = "<group>"; };
		F5299AAB10FB75E00074CFEA /* open alt.tiff */ = {isa = PBXFileReference; lastKnownFileType = image.tiff; path = "open alt.tiff"; sourceTree = "<group>"; };
		F5299AAF10FB76270074CFEA /* install.tiff */ = {isa = PBXFileReference; lastKnownFileType = image.tiff; path = install.tiff; sourceTree = "<group>"; };
		F5299AB110FB76D20074CFEA /* archive.tiff */ = {isa = PBXFileReference; lastKnownFileType = image.tiff; path = archive.tiff; sourceTree = "<group>"; };
		F5299AB210FB76D20074CFEA /* copy doc.tiff */ = {isa = PBXFileReference; lastKnownFileType = image.tiff; path = "copy doc.tiff"; sourceTree = "<group>"; };
		F5299AB310FB76D20074CFEA /* edit.tiff */ = {isa = PBXFileReference; lastKnownFileType = image.tiff; path = edit.tiff; sourceTree = "<group>"; };
		F5299AB410FB76D20074CFEA /* refresh.tiff */ = {isa = PBXFileReference; lastKnownFileType = image.tiff; path = refresh.tiff; sourceTree = "<group>"; };
		F5299AB510FB76D20074CFEA /* terminal.tiff */ = {isa = PBXFileReference; lastKnownFileType = image.tiff; path = terminal.tiff; sourceTree = "<group>"; };
		F5299AB610FB76D20074CFEA /* trash.tiff */ = {isa = PBXFileReference; lastKnownFileType = image.tiff; path = trash.tiff; sourceTree = "<group>"; };
		F5299AD710FB78620074CFEA /* MyCell.h */ = {isa = PBXFileReference; fileEncoding = 4; lastKnownFileType = sourcecode.c.h; path = MyCell.h; sourceTree = "<group>"; };
		F5299AD810FB78620074CFEA /* MyCell.m */ = {isa = PBXFileReference; fileEncoding = 4; lastKnownFileType = sourcecode.c.objc; path = MyCell.m; sourceTree = "<group>"; };
		F53269A1125AF75C00AF967C /* PkginfoScanner.h */ = {isa = PBXFileReference; fileEncoding = 4; lastKnownFileType = sourcecode.c.h; path = PkginfoScanner.h; sourceTree = "<group>"; };
		F53269A2125AF75C00AF967C /* PkginfoScanner.m */ = {isa = PBXFileReference; fileEncoding = 4; lastKnownFileType = sourcecode.c.objc; path = PkginfoScanner.m; sourceTree = "<group>"; };
		F5428B091112DF0F00F16D20 /* ApplicationInfosArrayController.h */ = {isa = PBXFileReference; fileEncoding = 4; lastKnownFileType = sourcecode.c.h; path = ApplicationInfosArrayController.h; sourceTree = "<group>"; };
		F5428B0A1112DF0F00F16D20 /* ApplicationInfosArrayController.m */ = {isa = PBXFileReference; fileEncoding = 4; lastKnownFileType = sourcecode.c.objc; path = ApplicationInfosArrayController.m; sourceTree = "<group>"; };
		F555BD41125C6AE8000D9DF6 /* ManifestScanner.h */ = {isa = PBXFileReference; fileEncoding = 4; lastKnownFileType = sourcecode.c.h; path = ManifestScanner.h; sourceTree = "<group>"; };
		F555BD42125C6AE8000D9DF6 /* ManifestScanner.m */ = {isa = PBXFileReference; fileEncoding = 4; lastKnownFileType = sourcecode.c.objc; path = ManifestScanner.m; sourceTree = "<group>"; };
		F5630B9D11009974001CEC6C /* PackageInfosArrayController.h */ = {isa = PBXFileReference; fileEncoding = 4; lastKnownFileType = sourcecode.c.h; path = PackageInfosArrayController.h; sourceTree = "<group>"; };
		F5630B9E11009974001CEC6C /* PackageInfosArrayController.m */ = {isa = PBXFileReference; fileEncoding = 4; lastKnownFileType = sourcecode.c.objc; path = PackageInfosArrayController.m; sourceTree = "<group>"; };
		F564873711B503830061B190 /* PreferencesController.h */ = {isa = PBXFileReference; fileEncoding = 4; lastKnownFileType = sourcecode.c.h; path = PreferencesController.h; sourceTree = "<group>"; };
		F564873811B503830061B190 /* PreferencesController.m */ = {isa = PBXFileReference; fileEncoding = 4; lastKnownFileType = sourcecode.c.objc; path = PreferencesController.m; sourceTree = "<group>"; };
		F564874811B504520061B190 /* Preferences.xib */ = {isa = PBXFileReference; lastKnownFileType = file.xib; path = Preferences.xib; sourceTree = "<group>"; };
		F594407D10FF58E700E350E7 /* UserDefaults.plist */ = {isa = PBXFileReference; fileEncoding = 4; lastKnownFileType = text.plist.xml; path = UserDefaults.plist; sourceTree = "<group>"; };
		F59B724613698044008229E8 /* GradientButtonBarView.h */ = {isa = PBXFileReference; fileEncoding = 4; lastKnownFileType = sourcecode.c.h; path = GradientButtonBarView.h; sourceTree = "<group>"; };
		F59B724713698044008229E8 /* GradientButtonBarView.m */ = {isa = PBXFileReference; fileEncoding = 4; lastKnownFileType = sourcecode.c.objc; path = GradientButtonBarView.m; sourceTree = "<group>"; };
		F5DFC877129546E200B68F4F /* ApplicationMO.m */ = {isa = PBXFileReference; lastKnownFileType = sourcecode.c.objc; path = ApplicationMO.m; sourceTree = "<group>"; };
		F5DFC879129546E200B68F4F /* ApplicationProxyMO.m */ = {isa = PBXFileReference; lastKnownFileType = sourcecode.c.objc; path = ApplicationProxyMO.m; sourceTree = "<group>"; };
		F5DFC87B129546E300B68F4F /* CatalogInfoMO.m */ = {isa = PBXFileReference; lastKnownFileType = sourcecode.c.objc; path = CatalogInfoMO.m; sourceTree = "<group>"; };
		F5DFC87D129546E300B68F4F /* CatalogMO.m */ = {isa = PBXFileReference; lastKnownFileType = sourcecode.c.objc; path = CatalogMO.m; sourceTree = "<group>"; };
		F5DFC87F129546E300B68F4F /* InstallsItemMO.m */ = {isa = PBXFileReference; lastKnownFileType = sourcecode.c.objc; path = InstallsItemMO.m; sourceTree = "<group>"; };
		F5DFC881129546E300B68F4F /* ItemToCopyMO.m */ = {isa = PBXFileReference; lastKnownFileType = sourcecode.c.objc; path = ItemToCopyMO.m; sourceTree = "<group>"; };
		F5DFC883129546E300B68F4F /* ManagedInstallMO.m */ = {isa = PBXFileReference; lastKnownFileType = sourcecode.c.objc; path = ManagedInstallMO.m; sourceTree = "<group>"; };
		F5DFC885129546E400B68F4F /* ManagedUninstallMO.m */ = {isa = PBXFileReference; lastKnownFileType = sourcecode.c.objc; path = ManagedUninstallMO.m; sourceTree = "<group>"; };
		F5DFC887129546E400B68F4F /* ManagedUpdateMO.m */ = {isa = PBXFileReference; lastKnownFileType = sourcecode.c.objc; path = ManagedUpdateMO.m; sourceTree = "<group>"; };
		F5DFC889129546E400B68F4F /* ManifestInfoMO.m */ = {isa = PBXFileReference; lastKnownFileType = sourcecode.c.objc; path = ManifestInfoMO.m; sourceTree = "<group>"; };
		F5DFC88B129546E400B68F4F /* ManifestMO.m */ = {isa = PBXFileReference; lastKnownFileType = sourcecode.c.objc; path = ManifestMO.m; sourceTree = "<group>"; };
		F5DFC88D129546E400B68F4F /* OptionalInstallMO.m */ = {isa = PBXFileReference; lastKnownFileType = sourcecode.c.objc; path = OptionalInstallMO.m; sourceTree = "<group>"; };
		F5DFC88F129546E500B68F4F /* PackageInfoMO.m */ = {isa = PBXFileReference; lastKnownFileType = sourcecode.c.objc; path = PackageInfoMO.m; sourceTree = "<group>"; };
		F5DFC891129546E500B68F4F /* PackageMO.m */ = {isa = PBXFileReference; lastKnownFileType = sourcecode.c.objc; path = PackageMO.m; sourceTree = "<group>"; };
		F5DFC893129546E500B68F4F /* ReceiptMO.m */ = {isa = PBXFileReference; lastKnownFileType = sourcecode.c.objc; path = ReceiptMO.m; sourceTree = "<group>"; };
		F5DFC895129546E500B68F4F /* StringObjectMO.m */ = {isa = PBXFileReference; lastKnownFileType = sourcecode.c.objc; path = StringObjectMO.m; sourceTree = "<group>"; };
		F5DFC897129546E500B68F4F /* ApplicationMO.h */ = {isa = PBXFileReference; lastKnownFileType = sourcecode.c.h; path = ApplicationMO.h; sourceTree = "<group>"; };
		F5DFC898129546E600B68F4F /* ApplicationProxyMO.h */ = {isa = PBXFileReference; lastKnownFileType = sourcecode.c.h; path = ApplicationProxyMO.h; sourceTree = "<group>"; };
		F5DFC899129546E600B68F4F /* CatalogInfoMO.h */ = {isa = PBXFileReference; lastKnownFileType = sourcecode.c.h; path = CatalogInfoMO.h; sourceTree = "<group>"; };
		F5DFC89A129546E600B68F4F /* CatalogMO.h */ = {isa = PBXFileReference; lastKnownFileType = sourcecode.c.h; path = CatalogMO.h; sourceTree = "<group>"; };
		F5DFC89B129546E600B68F4F /* InstallsItemMO.h */ = {isa = PBXFileReference; lastKnownFileType = sourcecode.c.h; path = InstallsItemMO.h; sourceTree = "<group>"; };
		F5DFC89C129546E600B68F4F /* ItemToCopyMO.h */ = {isa = PBXFileReference; lastKnownFileType = sourcecode.c.h; path = ItemToCopyMO.h; sourceTree = "<group>"; };
		F5DFC89D129546E600B68F4F /* ManagedInstallMO.h */ = {isa = PBXFileReference; lastKnownFileType = sourcecode.c.h; path = ManagedInstallMO.h; sourceTree = "<group>"; };
		F5DFC89E129546E600B68F4F /* ManagedUninstallMO.h */ = {isa = PBXFileReference; lastKnownFileType = sourcecode.c.h; path = ManagedUninstallMO.h; sourceTree = "<group>"; };
		F5DFC89F129546E700B68F4F /* ManagedUpdateMO.h */ = {isa = PBXFileReference; lastKnownFileType = sourcecode.c.h; path = ManagedUpdateMO.h; sourceTree = "<group>"; };
		F5DFC8A0129546E700B68F4F /* ManifestInfoMO.h */ = {isa = PBXFileReference; lastKnownFileType = sourcecode.c.h; path = ManifestInfoMO.h; sourceTree = "<group>"; };
		F5DFC8A1129546E700B68F4F /* ManifestMO.h */ = {isa = PBXFileReference; lastKnownFileType = sourcecode.c.h; path = ManifestMO.h; sourceTree = "<group>"; };
		F5DFC8A2129546E700B68F4F /* OptionalInstallMO.h */ = {isa = PBXFileReference; lastKnownFileType = sourcecode.c.h; path = OptionalInstallMO.h; sourceTree = "<group>"; };
		F5DFC8A3129546E700B68F4F /* PackageInfoMO.h */ = {isa = PBXFileReference; lastKnownFileType = sourcecode.c.h; path = PackageInfoMO.h; sourceTree = "<group>"; };
		F5DFC8A4129546E700B68F4F /* PackageMO.h */ = {isa = PBXFileReference; lastKnownFileType = sourcecode.c.h; path = PackageMO.h; sourceTree = "<group>"; };
		F5DFC8A5129546E700B68F4F /* ReceiptMO.h */ = {isa = PBXFileReference; lastKnownFileType = sourcecode.c.h; path = ReceiptMO.h; sourceTree = "<group>"; };
		F5DFC8A6129546E700B68F4F /* StringObjectMO.h */ = {isa = PBXFileReference; lastKnownFileType = sourcecode.c.h; path = StringObjectMO.h; sourceTree = "<group>"; };
		F5DFC8A7129546E800B68F4F /* _ApplicationMO.m */ = {isa = PBXFileReference; lastKnownFileType = sourcecode.c.objc; path = _ApplicationMO.m; sourceTree = "<group>"; };
		F5DFC8A9129546E800B68F4F /* _ApplicationProxyMO.m */ = {isa = PBXFileReference; lastKnownFileType = sourcecode.c.objc; path = _ApplicationProxyMO.m; sourceTree = "<group>"; };
		F5DFC8AB129546E800B68F4F /* _CatalogInfoMO.m */ = {isa = PBXFileReference; lastKnownFileType = sourcecode.c.objc; path = _CatalogInfoMO.m; sourceTree = "<group>"; };
		F5DFC8AD129546E900B68F4F /* _CatalogMO.m */ = {isa = PBXFileReference; lastKnownFileType = sourcecode.c.objc; path = _CatalogMO.m; sourceTree = "<group>"; };
		F5DFC8AF129546E900B68F4F /* _InstallsItemMO.m */ = {isa = PBXFileReference; lastKnownFileType = sourcecode.c.objc; path = _InstallsItemMO.m; sourceTree = "<group>"; };
		F5DFC8B1129546E900B68F4F /* _ItemToCopyMO.m */ = {isa = PBXFileReference; lastKnownFileType = sourcecode.c.objc; path = _ItemToCopyMO.m; sourceTree = "<group>"; };
		F5DFC8B3129546E900B68F4F /* _ManagedInstallMO.m */ = {isa = PBXFileReference; lastKnownFileType = sourcecode.c.objc; path = _ManagedInstallMO.m; sourceTree = "<group>"; };
		F5DFC8B5129546EA00B68F4F /* _ManagedUninstallMO.m */ = {isa = PBXFileReference; lastKnownFileType = sourcecode.c.objc; path = _ManagedUninstallMO.m; sourceTree = "<group>"; };
		F5DFC8B7129546EA00B68F4F /* _ManagedUpdateMO.m */ = {isa = PBXFileReference; lastKnownFileType = sourcecode.c.objc; path = _ManagedUpdateMO.m; sourceTree = "<group>"; };
		F5DFC8B9129546EA00B68F4F /* _ManifestInfoMO.m */ = {isa = PBXFileReference; lastKnownFileType = sourcecode.c.objc; path = _ManifestInfoMO.m; sourceTree = "<group>"; };
		F5DFC8BB129546EB00B68F4F /* _ManifestMO.m */ = {isa = PBXFileReference; lastKnownFileType = sourcecode.c.objc; path = _ManifestMO.m; sourceTree = "<group>"; };
		F5DFC8BD129546EB00B68F4F /* _OptionalInstallMO.m */ = {isa = PBXFileReference; lastKnownFileType = sourcecode.c.objc; path = _OptionalInstallMO.m; sourceTree = "<group>"; };
		F5DFC8BF129546EB00B68F4F /* _PackageInfoMO.m */ = {isa = PBXFileReference; lastKnownFileType = sourcecode.c.objc; path = _PackageInfoMO.m; sourceTree = "<group>"; };
		F5DFC8C1129546EB00B68F4F /* _PackageMO.m */ = {isa = PBXFileReference; lastKnownFileType = sourcecode.c.objc; path = _PackageMO.m; sourceTree = "<group>"; };
		F5DFC8C3129546EC00B68F4F /* _ReceiptMO.m */ = {isa = PBXFileReference; lastKnownFileType = sourcecode.c.objc; path = _ReceiptMO.m; sourceTree = "<group>"; };
		F5DFC8C5129546EC00B68F4F /* _StringObjectMO.m */ = {isa = PBXFileReference; lastKnownFileType = sourcecode.c.objc; path = _StringObjectMO.m; sourceTree = "<group>"; };
		F5DFC8C7129546EC00B68F4F /* _ApplicationMO.h */ = {isa = PBXFileReference; lastKnownFileType = sourcecode.c.h; path = _ApplicationMO.h; sourceTree = "<group>"; };
		F5DFC8C8129546EC00B68F4F /* _ApplicationProxyMO.h */ = {isa = PBXFileReference; lastKnownFileType = sourcecode.c.h; path = _ApplicationProxyMO.h; sourceTree = "<group>"; };
		F5DFC8C9129546ED00B68F4F /* _CatalogInfoMO.h */ = {isa = PBXFileReference; lastKnownFileType = sourcecode.c.h; path = _CatalogInfoMO.h; sourceTree = "<group>"; };
		F5DFC8CA129546ED00B68F4F /* _CatalogMO.h */ = {isa = PBXFileReference; lastKnownFileType = sourcecode.c.h; path = _CatalogMO.h; sourceTree = "<group>"; };
		F5DFC8CB129546ED00B68F4F /* _InstallsItemMO.h */ = {isa = PBXFileReference; lastKnownFileType = sourcecode.c.h; path = _InstallsItemMO.h; sourceTree = "<group>"; };
		F5DFC8CC129546ED00B68F4F /* _ItemToCopyMO.h */ = {isa = PBXFileReference; lastKnownFileType = sourcecode.c.h; path = _ItemToCopyMO.h; sourceTree = "<group>"; };
		F5DFC8CD129546ED00B68F4F /* _ManagedInstallMO.h */ = {isa = PBXFileReference; lastKnownFileType = sourcecode.c.h; path = _ManagedInstallMO.h; sourceTree = "<group>"; };
		F5DFC8CE129546ED00B68F4F /* _ManagedUninstallMO.h */ = {isa = PBXFileReference; lastKnownFileType = sourcecode.c.h; path = _ManagedUninstallMO.h; sourceTree = "<group>"; };
		F5DFC8CF129546ED00B68F4F /* _ManagedUpdateMO.h */ = {isa = PBXFileReference; lastKnownFileType = sourcecode.c.h; path = _ManagedUpdateMO.h; sourceTree = "<group>"; };
		F5DFC8D0129546EE00B68F4F /* _ManifestInfoMO.h */ = {isa = PBXFileReference; lastKnownFileType = sourcecode.c.h; path = _ManifestInfoMO.h; sourceTree = "<group>"; };
		F5DFC8D1129546EE00B68F4F /* _ManifestMO.h */ = {isa = PBXFileReference; lastKnownFileType = sourcecode.c.h; path = _ManifestMO.h; sourceTree = "<group>"; };
		F5DFC8D2129546EE00B68F4F /* _OptionalInstallMO.h */ = {isa = PBXFileReference; lastKnownFileType = sourcecode.c.h; path = _OptionalInstallMO.h; sourceTree = "<group>"; };
		F5DFC8D3129546EE00B68F4F /* _PackageInfoMO.h */ = {isa = PBXFileReference; lastKnownFileType = sourcecode.c.h; path = _PackageInfoMO.h; sourceTree = "<group>"; };
		F5DFC8D4129546EE00B68F4F /* _PackageMO.h */ = {isa = PBXFileReference; lastKnownFileType = sourcecode.c.h; path = _PackageMO.h; sourceTree = "<group>"; };
		F5DFC8D5129546EE00B68F4F /* _ReceiptMO.h */ = {isa = PBXFileReference; lastKnownFileType = sourcecode.c.h; path = _ReceiptMO.h; sourceTree = "<group>"; };
		F5DFC8D6129546EE00B68F4F /* _StringObjectMO.h */ = {isa = PBXFileReference; lastKnownFileType = sourcecode.c.h; path = _StringObjectMO.h; sourceTree = "<group>"; };
		F5F6337E111824CC007CC030 /* catalogIcon2.png */ = {isa = PBXFileReference; lastKnownFileType = image.png; path = catalogIcon2.png; sourceTree = "<group>"; };
		F5F6337F111824CC007CC030 /* manifestIcon2.png */ = {isa = PBXFileReference; lastKnownFileType = image.png; path = manifestIcon2.png; sourceTree = "<group>"; };
		F5F63380111824CC007CC030 /* packageIcon2.png */ = {isa = PBXFileReference; lastKnownFileType = image.png; path = packageIcon2.png; sourceTree = "<group>"; };
		F5F6339411182934007CC030 /* catalogIcon3.png */ = {isa = PBXFileReference; lastKnownFileType = image.png; path = catalogIcon3.png; sourceTree = "<group>"; };
		F5FF373E125D9D7900AD5BC1 /* MunkiOperation.h */ = {isa = PBXFileReference; fileEncoding = 4; lastKnownFileType = sourcecode.c.h; path = MunkiOperation.h; sourceTree = "<group>"; };
		F5FF373F125D9D7900AD5BC1 /* MunkiOperation.m */ = {isa = PBXFileReference; fileEncoding = 4; lastKnownFileType = sourcecode.c.objc; path = MunkiOperation.m; sourceTree = "<group>"; };
		FE1C6B76145A797D00BC815F /* PackageNameEditor.h */ = {isa = PBXFileReference; fileEncoding = 4; lastKnownFileType = sourcecode.c.h; path = PackageNameEditor.h; sourceTree = "<group>"; };
		FE1C6B77145A797D00BC815F /* PackageNameEditor.m */ = {isa = PBXFileReference; fileEncoding = 4; lastKnownFileType = sourcecode.c.objc; path = PackageNameEditor.m; sourceTree = "<group>"; };
		FE1C6B7A145A7A0300BC815F /* PackageNameEditor.xib */ = {isa = PBXFileReference; fileEncoding = 4; lastKnownFileType = file.xib; path = PackageNameEditor.xib; sourceTree = "<group>"; };
		FE781B9F144C0CCE0089E941 /* _InstallerChoicesItemMO.h */ = {isa = PBXFileReference; fileEncoding = 4; lastKnownFileType = sourcecode.c.h; path = _InstallerChoicesItemMO.h; sourceTree = "<group>"; };
		FE781BA0144C0CCE0089E941 /* _InstallerChoicesItemMO.m */ = {isa = PBXFileReference; fileEncoding = 4; lastKnownFileType = sourcecode.c.objc; path = _InstallerChoicesItemMO.m; sourceTree = "<group>"; };
		FE781BA1144C0CCE0089E941 /* InstallerChoicesItemMO.h */ = {isa = PBXFileReference; fileEncoding = 4; lastKnownFileType = sourcecode.c.h; path = InstallerChoicesItemMO.h; sourceTree = "<group>"; };
		FE781BA2144C0CCE0089E941 /* InstallerChoicesItemMO.m */ = {isa = PBXFileReference; fileEncoding = 4; lastKnownFileType = sourcecode.c.objc; path = InstallerChoicesItemMO.m; sourceTree = "<group>"; };
		FE9F2CD01459586C00D0E687 /* FileCopyOperation.h */ = {isa = PBXFileReference; fileEncoding = 4; lastKnownFileType = sourcecode.c.h; path = FileCopyOperation.h; sourceTree = "<group>"; };
		FE9F2CD11459586C00D0E687 /* FileCopyOperation.m */ = {isa = PBXFileReference; fileEncoding = 4; lastKnownFileType = sourcecode.c.objc; path = FileCopyOperation.m; sourceTree = "<group>"; };
		FEABB246144EB39B0006BDE8 /* SelectPkginfoItemsWindow.h */ = {isa = PBXFileReference; fileEncoding = 4; lastKnownFileType = sourcecode.c.h; path = SelectPkginfoItemsWindow.h; sourceTree = "<group>"; };
		FEABB247144EB39B0006BDE8 /* SelectPkginfoItemsWindow.m */ = {isa = PBXFileReference; fileEncoding = 4; lastKnownFileType = sourcecode.c.objc; path = SelectPkginfoItemsWindow.m; sourceTree = "<group>"; };
		FEABB249144EB3AF0006BDE8 /* SelectPkginfoItemsWindow.xib */ = {isa = PBXFileReference; fileEncoding = 4; lastKnownFileType = file.xib; path = SelectPkginfoItemsWindow.xib; sourceTree = "<group>"; };
		FEC30F1E14516376006747F6 /* SelectManifestItemsWindow.h */ = {isa = PBXFileReference; fileEncoding = 4; lastKnownFileType = sourcecode.c.h; path = SelectManifestItemsWindow.h; sourceTree = "<group>"; };
		FEC30F1F14516376006747F6 /* SelectManifestItemsWindow.m */ = {isa = PBXFileReference; fileEncoding = 4; lastKnownFileType = sourcecode.c.objc; path = SelectManifestItemsWindow.m; sourceTree = "<group>"; };
		FEC30F2114516392006747F6 /* SelectManifestItemsWindow.xib */ = {isa = PBXFileReference; fileEncoding = 4; lastKnownFileType = file.xib; path = SelectManifestItemsWindow.xib; sourceTree = "<group>"; };
		FEDAA470144D50B1005C8B6F /* ManifestDetailView.h */ = {isa = PBXFileReference; fileEncoding = 4; lastKnownFileType = sourcecode.c.h; path = ManifestDetailView.h; sourceTree = "<group>"; };
		FEDAA471144D50B1005C8B6F /* ManifestDetailView.m */ = {isa = PBXFileReference; fileEncoding = 4; lastKnownFileType = sourcecode.c.objc; path = ManifestDetailView.m; sourceTree = "<group>"; };
		FEDAA472144D50B1005C8B6F /* ManifestDetailView.xib */ = {isa = PBXFileReference; fileEncoding = 4; lastKnownFileType = file.xib; path = ManifestDetailView.xib; sourceTree = "<group>"; };
		FEEBE373145FC5750004791A /* RelationshipScanner.h */ = {isa = PBXFileReference; fileEncoding = 4; lastKnownFileType = sourcecode.c.h; path = RelationshipScanner.h; sourceTree = "<group>"; };
		FEEBE374145FC5750004791A /* RelationshipScanner.m */ = {isa = PBXFileReference; fileEncoding = 4; lastKnownFileType = sourcecode.c.objc; path = RelationshipScanner.m; sourceTree = "<group>"; };
/* End PBXFileReference section */

/* Begin PBXFrameworksBuildPhase section */
		8D11072E0486CEB800E47090 /* Frameworks */ = {
			isa = PBXFrameworksBuildPhase;
			buildActionMask = 2147483647;
			files = (
				8D11072F0486CEB800E47090 /* Cocoa.framework in Frameworks */,
			);
			runOnlyForDeploymentPostprocessing = 0;
		};
/* End PBXFrameworksBuildPhase section */

/* Begin PBXGroup section */
		080E96DDFE201D6D7F000001 /* Classes */ = {
			isa = PBXGroup;
			children = (
				F564873711B503830061B190 /* PreferencesController.h */,
				F564873811B503830061B190 /* PreferencesController.m */,
				F5299AD710FB78620074CFEA /* MyCell.h */,
				F5299AD810FB78620074CFEA /* MyCell.m */,
				77C8280B06725ACE000B614F /* MunkiAdmin_AppDelegate.h */,
				77C8280C06725ACE000B614F /* MunkiAdmin_AppDelegate.m */,
				F5299A5810FB6AB00074CFEA /* PackageArrayController.h */,
				F5299A5910FB6AB00074CFEA /* PackageArrayController.m */,
				F527FE5610FC766E000B29B6 /* CatalogsArrayController.h */,
				F527FE5710FC766E000B29B6 /* CatalogsArrayController.m */,
				F527FF1D10FC871B000B29B6 /* CatalogInfosArrayController.h */,
				F527FF1E10FC871B000B29B6 /* CatalogInfosArrayController.m */,
				F5630B9D11009974001CEC6C /* PackageInfosArrayController.h */,
				F5630B9E11009974001CEC6C /* PackageInfosArrayController.m */,
				F508094D1105900E0058C7AC /* ApplicationsArrayController.h */,
				F508094E1105900E0058C7AC /* ApplicationsArrayController.m */,
				F508522C11084C39001DAD73 /* GradientBackgroundView.h */,
				F508522D11084C39001DAD73 /* GradientBackgroundView.m */,
				F59B724613698044008229E8 /* GradientButtonBarView.h */,
				F59B724713698044008229E8 /* GradientButtonBarView.m */,
				F508526C11085A5A001DAD73 /* ManifestsArrayController.h */,
				F508526D11085A5A001DAD73 /* ManifestsArrayController.m */,
				F5428B091112DF0F00F16D20 /* ApplicationInfosArrayController.h */,
				F5428B0A1112DF0F00F16D20 /* ApplicationInfosArrayController.m */,
				F50AC6AD12B9FDC30069EB00 /* ManifestItemArrayController.h */,
				F50AC6AE12B9FDC30069EB00 /* ManifestItemArrayController.m */,
				F50AC6E212BA04360069EB00 /* ManifestItemTableView.h */,
				F50AC6E312BA04360069EB00 /* ManifestItemTableView.m */,
				F53269A1125AF75C00AF967C /* PkginfoScanner.h */,
				F53269A2125AF75C00AF967C /* PkginfoScanner.m */,
				F555BD41125C6AE8000D9DF6 /* ManifestScanner.h */,
				F555BD42125C6AE8000D9DF6 /* ManifestScanner.m */,
				FE9F2CD01459586C00D0E687 /* FileCopyOperation.h */,
				FE9F2CD11459586C00D0E687 /* FileCopyOperation.m */,
				FEEBE373145FC5750004791A /* RelationshipScanner.h */,
				FEEBE374145FC5750004791A /* RelationshipScanner.m */,
				FEABB23F144EB0D40006BDE8 /* View Controllers */,
				F5FF373E125D9D7900AD5BC1 /* MunkiOperation.h */,
				F5FF373F125D9D7900AD5BC1 /* MunkiOperation.m */,
			);
			name = Classes;
			sourceTree = "<group>";
		};
		1058C7A0FEA54F0111CA2CBB /* Linked Frameworks */ = {
			isa = PBXGroup;
			children = (
				1058C7A1FEA54F0111CA2CBB /* Cocoa.framework */,
			);
			name = "Linked Frameworks";
			sourceTree = "<group>";
		};
		1058C7A2FEA54F0111CA2CBB /* Other Frameworks */ = {
			isa = PBXGroup;
			children = (
				77C82804067257F0000B614F /* CoreData.framework */,
				29B97325FDCFA39411CA2CEA /* Foundation.framework */,
				29B97324FDCFA39411CA2CEA /* AppKit.framework */,
			);
			name = "Other Frameworks";
			sourceTree = "<group>";
		};
		19C28FACFE9D520D11CA2CBB /* Products */ = {
			isa = PBXGroup;
			children = (
				8D1107320486CEB800E47090 /* MunkiAdmin.app */,
			);
			name = Products;
			sourceTree = "<group>";
		};
		29B97314FDCFA39411CA2CEA /* MunkiAdmin */ = {
			isa = PBXGroup;
			children = (
				7756732906782D8800D1FEB8 /* Models */,
				080E96DDFE201D6D7F000001 /* Classes */,
				29B97315FDCFA39411CA2CEA /* Other Sources */,
				29B97317FDCFA39411CA2CEA /* Resources */,
				29B97323FDCFA39411CA2CEA /* Frameworks */,
				19C28FACFE9D520D11CA2CBB /* Products */,
			);
			name = MunkiAdmin;
			sourceTree = "<group>";
		};
		29B97315FDCFA39411CA2CEA /* Other Sources */ = {
			isa = PBXGroup;
			children = (
				32CA4F630368D1EE00C91783 /* MunkiAdmin_Prefix.pch */,
				29B97316FDCFA39411CA2CEA /* main.m */,
				F594407D10FF58E700E350E7 /* UserDefaults.plist */,
			);
			name = "Other Sources";
			sourceTree = "<group>";
		};
		29B97317FDCFA39411CA2CEA /* Resources */ = {
			isa = PBXGroup;
			children = (
				F52989C91276AD9200F836B5 /* packagesMultipleIcon2.png */,
				F5F6339411182934007CC030 /* catalogIcon3.png */,
				F5F6337E111824CC007CC030 /* catalogIcon2.png */,
				F5F6337F111824CC007CC030 /* manifestIcon2.png */,
				F5F63380111824CC007CC030 /* packageIcon2.png */,
				F5299AB110FB76D20074CFEA /* archive.tiff */,
				F5299AB210FB76D20074CFEA /* copy doc.tiff */,
				F5299AB310FB76D20074CFEA /* edit.tiff */,
				F5299AB410FB76D20074CFEA /* refresh.tiff */,
				F5299AB510FB76D20074CFEA /* terminal.tiff */,
				F5299AB610FB76D20074CFEA /* trash.tiff */,
				F5299AAF10FB76270074CFEA /* install.tiff */,
				F5299AAB10FB75E00074CFEA /* open alt.tiff */,
				8D1107310486CEB800E47090 /* MunkiAdmin-Info.plist */,
				089C165CFE840E0CC02AAC07 /* InfoPlist.strings */,
				2F7446970DB6B7EA00F9684A /* MainMenu.xib */,
				F564874811B504520061B190 /* Preferences.xib */,
			);
			name = Resources;
			sourceTree = "<group>";
		};
		29B97323FDCFA39411CA2CEA /* Frameworks */ = {
			isa = PBXGroup;
			children = (
				1058C7A0FEA54F0111CA2CBB /* Linked Frameworks */,
				1058C7A2FEA54F0111CA2CBB /* Other Frameworks */,
			);
			name = Frameworks;
			sourceTree = "<group>";
		};
		7756732906782D8800D1FEB8 /* Models */ = {
			isa = PBXGroup;
			children = (
				770B37EC0679A11B001EADE2 /* MunkiAdmin_DataModel.xcdatamodel */,
				F5A951B910FB30B60034ED28 /* MunkiAdmin_DataModel */,
			);
			name = Models;
			sourceTree = "<group>";
		};
		F5A951B910FB30B60034ED28 /* MunkiAdmin_DataModel */ = {
			isa = PBXGroup;
			children = (
				F5DFC8C7129546EC00B68F4F /* _ApplicationMO.h */,
				F5DFC8A7129546E800B68F4F /* _ApplicationMO.m */,
				F5DFC8C8129546EC00B68F4F /* _ApplicationProxyMO.h */,
				F5DFC8A9129546E800B68F4F /* _ApplicationProxyMO.m */,
				F5DFC8C9129546ED00B68F4F /* _CatalogInfoMO.h */,
				F5DFC8AB129546E800B68F4F /* _CatalogInfoMO.m */,
				F5DFC8CA129546ED00B68F4F /* _CatalogMO.h */,
				F5DFC8AD129546E900B68F4F /* _CatalogMO.m */,
				FE781B9F144C0CCE0089E941 /* _InstallerChoicesItemMO.h */,
				FE781BA0144C0CCE0089E941 /* _InstallerChoicesItemMO.m */,
				F5DFC8CB129546ED00B68F4F /* _InstallsItemMO.h */,
				F5DFC8AF129546E900B68F4F /* _InstallsItemMO.m */,
				F5DFC8CC129546ED00B68F4F /* _ItemToCopyMO.h */,
				F5DFC8B1129546E900B68F4F /* _ItemToCopyMO.m */,
				F5DFC8CD129546ED00B68F4F /* _ManagedInstallMO.h */,
				F5DFC8B3129546E900B68F4F /* _ManagedInstallMO.m */,
				F5DFC8CE129546ED00B68F4F /* _ManagedUninstallMO.h */,
				F5DFC8B5129546EA00B68F4F /* _ManagedUninstallMO.m */,
				F5DFC8CF129546ED00B68F4F /* _ManagedUpdateMO.h */,
				F5DFC8B7129546EA00B68F4F /* _ManagedUpdateMO.m */,
				F5DFC8D0129546EE00B68F4F /* _ManifestInfoMO.h */,
				F5DFC8B9129546EA00B68F4F /* _ManifestInfoMO.m */,
				F5DFC8D1129546EE00B68F4F /* _ManifestMO.h */,
				F5DFC8BB129546EB00B68F4F /* _ManifestMO.m */,
				F5DFC8D2129546EE00B68F4F /* _OptionalInstallMO.h */,
				F5DFC8BD129546EB00B68F4F /* _OptionalInstallMO.m */,
				F5DFC8D3129546EE00B68F4F /* _PackageInfoMO.h */,
				F5DFC8BF129546EB00B68F4F /* _PackageInfoMO.m */,
				F5DFC8D4129546EE00B68F4F /* _PackageMO.h */,
				F5DFC8C1129546EB00B68F4F /* _PackageMO.m */,
				F5DFC8D5129546EE00B68F4F /* _ReceiptMO.h */,
				F5DFC8C3129546EC00B68F4F /* _ReceiptMO.m */,
				F5DFC8D6129546EE00B68F4F /* _StringObjectMO.h */,
				F5DFC8C5129546EC00B68F4F /* _StringObjectMO.m */,
				F5DFC897129546E500B68F4F /* ApplicationMO.h */,
				F5DFC877129546E200B68F4F /* ApplicationMO.m */,
				F5DFC898129546E600B68F4F /* ApplicationProxyMO.h */,
				F5DFC879129546E200B68F4F /* ApplicationProxyMO.m */,
				F5DFC899129546E600B68F4F /* CatalogInfoMO.h */,
				F5DFC87B129546E300B68F4F /* CatalogInfoMO.m */,
				F5DFC89A129546E600B68F4F /* CatalogMO.h */,
				F5DFC87D129546E300B68F4F /* CatalogMO.m */,
				FE781BA1144C0CCE0089E941 /* InstallerChoicesItemMO.h */,
				FE781BA2144C0CCE0089E941 /* InstallerChoicesItemMO.m */,
				F5DFC89B129546E600B68F4F /* InstallsItemMO.h */,
				F5DFC87F129546E300B68F4F /* InstallsItemMO.m */,
				F5DFC89C129546E600B68F4F /* ItemToCopyMO.h */,
				F5DFC881129546E300B68F4F /* ItemToCopyMO.m */,
				F5DFC89D129546E600B68F4F /* ManagedInstallMO.h */,
				F5DFC883129546E300B68F4F /* ManagedInstallMO.m */,
				F5DFC89E129546E600B68F4F /* ManagedUninstallMO.h */,
				F5DFC885129546E400B68F4F /* ManagedUninstallMO.m */,
				F5DFC89F129546E700B68F4F /* ManagedUpdateMO.h */,
				F5DFC887129546E400B68F4F /* ManagedUpdateMO.m */,
				F5DFC8A0129546E700B68F4F /* ManifestInfoMO.h */,
				F5DFC889129546E400B68F4F /* ManifestInfoMO.m */,
				F5DFC8A1129546E700B68F4F /* ManifestMO.h */,
				F5DFC88B129546E400B68F4F /* ManifestMO.m */,
				F5DFC8A2129546E700B68F4F /* OptionalInstallMO.h */,
				F5DFC88D129546E400B68F4F /* OptionalInstallMO.m */,
				F5DFC8A3129546E700B68F4F /* PackageInfoMO.h */,
				F5DFC88F129546E500B68F4F /* PackageInfoMO.m */,
				F5DFC8A4129546E700B68F4F /* PackageMO.h */,
				F5DFC891129546E500B68F4F /* PackageMO.m */,
				F5DFC8A5129546E700B68F4F /* ReceiptMO.h */,
				F5DFC893129546E500B68F4F /* ReceiptMO.m */,
				F5DFC8A6129546E700B68F4F /* StringObjectMO.h */,
				F5DFC895129546E500B68F4F /* StringObjectMO.m */,
			);
			path = MunkiAdmin_DataModel;
			sourceTree = "<group>";
		};
		FEABB23F144EB0D40006BDE8 /* View Controllers */ = {
			isa = PBXGroup;
			children = (
				FEDAA470144D50B1005C8B6F /* ManifestDetailView.h */,
				FEDAA471144D50B1005C8B6F /* ManifestDetailView.m */,
				FEDAA472144D50B1005C8B6F /* ManifestDetailView.xib */,
				FEABB246144EB39B0006BDE8 /* SelectPkginfoItemsWindow.h */,
				FEABB247144EB39B0006BDE8 /* SelectPkginfoItemsWindow.m */,
				FEABB249144EB3AF0006BDE8 /* SelectPkginfoItemsWindow.xib */,
				FEC30F1E14516376006747F6 /* SelectManifestItemsWindow.h */,
				FEC30F1F14516376006747F6 /* SelectManifestItemsWindow.m */,
				FEC30F2114516392006747F6 /* SelectManifestItemsWindow.xib */,
				FE1C6B76145A797D00BC815F /* PackageNameEditor.h */,
				FE1C6B77145A797D00BC815F /* PackageNameEditor.m */,
				FE1C6B7A145A7A0300BC815F /* PackageNameEditor.xib */,
			);
			name = "View Controllers";
			sourceTree = "<group>";
		};
/* End PBXGroup section */

/* Begin PBXNativeTarget section */
		8D1107260486CEB800E47090 /* MunkiAdmin */ = {
			isa = PBXNativeTarget;
			buildConfigurationList = 26FC0A840875C7B200E6366F /* Build configuration list for PBXNativeTarget "MunkiAdmin" */;
			buildPhases = (
				8D1107290486CEB800E47090 /* Resources */,
				8D11072C0486CEB800E47090 /* Sources */,
				8D11072E0486CEB800E47090 /* Frameworks */,
			);
			buildRules = (
			);
			dependencies = (
			);
			name = MunkiAdmin;
			productInstallPath = "$(HOME)/Applications";
			productName = MunkiAdmin;
			productReference = 8D1107320486CEB800E47090 /* MunkiAdmin.app */;
			productType = "com.apple.product-type.application";
		};
/* End PBXNativeTarget section */

/* Begin PBXProject section */
		29B97313FDCFA39411CA2CEA /* Project object */ = {
			isa = PBXProject;
			attributes = {
				LastUpgradeCheck = 0420;
			};
			buildConfigurationList = 26FC0A880875C7B200E6366F /* Build configuration list for PBXProject "MunkiAdmin" */;
			compatibilityVersion = "Xcode 3.2";
			developmentRegion = English;
			hasScannedForEncodings = 1;
			knownRegions = (
				English,
				Japanese,
				French,
				German,
			);
			mainGroup = 29B97314FDCFA39411CA2CEA /* MunkiAdmin */;
			projectDirPath = "";
			projectRoot = "";
			targets = (
				8D1107260486CEB800E47090 /* MunkiAdmin */,
			);
		};
/* End PBXProject section */

/* Begin PBXResourcesBuildPhase section */
		8D1107290486CEB800E47090 /* Resources */ = {
			isa = PBXResourcesBuildPhase;
			buildActionMask = 2147483647;
			files = (
				8D11072B0486CEB800E47090 /* InfoPlist.strings in Resources */,
				2F7446990DB6B7EA00F9684A /* MainMenu.xib in Resources */,
				F5299AAC10FB75E00074CFEA /* open alt.tiff in Resources */,
				F5299AB010FB76270074CFEA /* install.tiff in Resources */,
				F5299AB710FB76D20074CFEA /* archive.tiff in Resources */,
				F5299AB810FB76D20074CFEA /* copy doc.tiff in Resources */,
				F5299AB910FB76D20074CFEA /* edit.tiff in Resources */,
				F5299ABA10FB76D20074CFEA /* refresh.tiff in Resources */,
				F5299ABB10FB76D20074CFEA /* terminal.tiff in Resources */,
				F5299ABC10FB76D20074CFEA /* trash.tiff in Resources */,
				F594407E10FF58E700E350E7 /* UserDefaults.plist in Resources */,
				F5F63381111824CC007CC030 /* catalogIcon2.png in Resources */,
				F5F63382111824CC007CC030 /* manifestIcon2.png in Resources */,
				F5F63383111824CC007CC030 /* packageIcon2.png in Resources */,
				F5F6339511182934007CC030 /* catalogIcon3.png in Resources */,
				F564874911B504520061B190 /* Preferences.xib in Resources */,
				F52989CA1276AD9200F836B5 /* packagesMultipleIcon2.png in Resources */,
				FEDAA474144D50B1005C8B6F /* ManifestDetailView.xib in Resources */,
				FEABB24A144EB3AF0006BDE8 /* SelectPkginfoItemsWindow.xib in Resources */,
				FEC30F2214516392006747F6 /* SelectManifestItemsWindow.xib in Resources */,
				FE1C6B7B145A7A0300BC815F /* PackageNameEditor.xib in Resources */,
			);
			runOnlyForDeploymentPostprocessing = 0;
		};
/* End PBXResourcesBuildPhase section */

/* Begin PBXSourcesBuildPhase section */
		8D11072C0486CEB800E47090 /* Sources */ = {
			isa = PBXSourcesBuildPhase;
			buildActionMask = 2147483647;
			files = (
				8D11072D0486CEB800E47090 /* main.m in Sources */,
				77C8280E06725ACE000B614F /* MunkiAdmin_AppDelegate.m in Sources */,
				770B37ED0679A11B001EADE2 /* MunkiAdmin_DataModel.xcdatamodel in Sources */,
				F5299A5A10FB6AB00074CFEA /* PackageArrayController.m in Sources */,
				F5299AD910FB78620074CFEA /* MyCell.m in Sources */,
				F527FE5810FC766E000B29B6 /* CatalogsArrayController.m in Sources */,
				F527FF1F10FC871B000B29B6 /* CatalogInfosArrayController.m in Sources */,
				F5630B9F11009974001CEC6C /* PackageInfosArrayController.m in Sources */,
				F508094F1105900E0058C7AC /* ApplicationsArrayController.m in Sources */,
				F508522E11084C39001DAD73 /* GradientBackgroundView.m in Sources */,
				F508526E11085A5A001DAD73 /* ManifestsArrayController.m in Sources */,
				F5428B0B1112DF0F00F16D20 /* ApplicationInfosArrayController.m in Sources */,
				F564873911B503830061B190 /* PreferencesController.m in Sources */,
				F53269A3125AF75C00AF967C /* PkginfoScanner.m in Sources */,
				F555BD43125C6AE8000D9DF6 /* ManifestScanner.m in Sources */,
				F5FF3740125D9D7900AD5BC1 /* MunkiOperation.m in Sources */,
				F5DFC878129546E200B68F4F /* ApplicationMO.m in Sources */,
				F5DFC87A129546E200B68F4F /* ApplicationProxyMO.m in Sources */,
				F5DFC87C129546E300B68F4F /* CatalogInfoMO.m in Sources */,
				F5DFC87E129546E300B68F4F /* CatalogMO.m in Sources */,
				F5DFC880129546E300B68F4F /* InstallsItemMO.m in Sources */,
				F5DFC882129546E300B68F4F /* ItemToCopyMO.m in Sources */,
				F5DFC884129546E300B68F4F /* ManagedInstallMO.m in Sources */,
				F5DFC886129546E400B68F4F /* ManagedUninstallMO.m in Sources */,
				F5DFC888129546E400B68F4F /* ManagedUpdateMO.m in Sources */,
				F5DFC88A129546E400B68F4F /* ManifestInfoMO.m in Sources */,
				F5DFC88C129546E400B68F4F /* ManifestMO.m in Sources */,
				F5DFC88E129546E400B68F4F /* OptionalInstallMO.m in Sources */,
				F5DFC890129546E500B68F4F /* PackageInfoMO.m in Sources */,
				F5DFC892129546E500B68F4F /* PackageMO.m in Sources */,
				F5DFC894129546E500B68F4F /* ReceiptMO.m in Sources */,
				F5DFC896129546E500B68F4F /* StringObjectMO.m in Sources */,
				F5DFC8A8129546E800B68F4F /* _ApplicationMO.m in Sources */,
				F5DFC8AA129546E800B68F4F /* _ApplicationProxyMO.m in Sources */,
				F5DFC8AC129546E800B68F4F /* _CatalogInfoMO.m in Sources */,
				F5DFC8AE129546E900B68F4F /* _CatalogMO.m in Sources */,
				F5DFC8B0129546E900B68F4F /* _InstallsItemMO.m in Sources */,
				F5DFC8B2129546E900B68F4F /* _ItemToCopyMO.m in Sources */,
				F5DFC8B4129546E900B68F4F /* _ManagedInstallMO.m in Sources */,
				F5DFC8B6129546EA00B68F4F /* _ManagedUninstallMO.m in Sources */,
				F5DFC8B8129546EA00B68F4F /* _ManagedUpdateMO.m in Sources */,
				F5DFC8BA129546EA00B68F4F /* _ManifestInfoMO.m in Sources */,
				F5DFC8BC129546EB00B68F4F /* _ManifestMO.m in Sources */,
				F5DFC8BE129546EB00B68F4F /* _OptionalInstallMO.m in Sources */,
				F5DFC8C0129546EB00B68F4F /* _PackageInfoMO.m in Sources */,
				F5DFC8C2129546EB00B68F4F /* _PackageMO.m in Sources */,
				F5DFC8C4129546EC00B68F4F /* _ReceiptMO.m in Sources */,
				F5DFC8C6129546EC00B68F4F /* _StringObjectMO.m in Sources */,
				F50AC6AF12B9FDC30069EB00 /* ManifestItemArrayController.m in Sources */,
				F50AC6E412BA04360069EB00 /* ManifestItemTableView.m in Sources */,
				F59B724813698044008229E8 /* GradientButtonBarView.m in Sources */,
				FE781BA3144C0CCE0089E941 /* _InstallerChoicesItemMO.m in Sources */,
				FE781BA4144C0CCE0089E941 /* InstallerChoicesItemMO.m in Sources */,
				FEDAA473144D50B1005C8B6F /* ManifestDetailView.m in Sources */,
				FEABB248144EB39B0006BDE8 /* SelectPkginfoItemsWindow.m in Sources */,
				FEC30F2014516376006747F6 /* SelectManifestItemsWindow.m in Sources */,
				FE9F2CD21459586C00D0E687 /* FileCopyOperation.m in Sources */,
				FE1C6B78145A797D00BC815F /* PackageNameEditor.m in Sources */,
				FEEBE375145FC5750004791A /* RelationshipScanner.m in Sources */,
			);
			runOnlyForDeploymentPostprocessing = 0;
		};
/* End PBXSourcesBuildPhase section */

/* Begin PBXVariantGroup section */
		089C165CFE840E0CC02AAC07 /* InfoPlist.strings */ = {
			isa = PBXVariantGroup;
			children = (
				089C165DFE840E0CC02AAC07 /* English */,
			);
			name = InfoPlist.strings;
			sourceTree = "<group>";
		};
		2F7446970DB6B7EA00F9684A /* MainMenu.xib */ = {
			isa = PBXVariantGroup;
			children = (
				2F7446980DB6B7EA00F9684A /* English */,
			);
			name = MainMenu.xib;
			sourceTree = "<group>";
		};
/* End PBXVariantGroup section */

/* Begin XCBuildConfiguration section */
		26FC0A850875C7B200E6366F /* Debug */ = {
			isa = XCBuildConfiguration;
			buildSettings = {
				ARCHS = "$(ARCHS_STANDARD_32_64_BIT)";
				COPY_PHASE_STRIP = NO;
				FRAMEWORK_SEARCH_PATHS = "$(inherited)";
				GCC_DYNAMIC_NO_PIC = NO;
				GCC_ENABLE_OBJC_EXCEPTIONS = YES;
				GCC_MODEL_TUNING = G5;
				GCC_OPTIMIZATION_LEVEL = 0;
				GCC_PRECOMPILE_PREFIX_HEADER = YES;
				GCC_PREFIX_HEADER = MunkiAdmin_Prefix.pch;
				INFOPLIST_FILE = "MunkiAdmin-Info.plist";
				INSTALL_PATH = "$(HOME)/Applications";
				PRODUCT_NAME = MunkiAdmin;
				SDKROOT = macosx10.6;
				WRAPPER_EXTENSION = app;
			};
			name = Debug;
		};
		26FC0A860875C7B200E6366F /* Release */ = {
			isa = XCBuildConfiguration;
			buildSettings = {
				DEBUG_INFORMATION_FORMAT = "dwarf-with-dsym";
				FRAMEWORK_SEARCH_PATHS = "$(inherited)";
				GCC_ENABLE_OBJC_EXCEPTIONS = YES;
				GCC_MODEL_TUNING = G5;
				GCC_PRECOMPILE_PREFIX_HEADER = YES;
				GCC_PREFIX_HEADER = MunkiAdmin_Prefix.pch;
				INFOPLIST_FILE = "MunkiAdmin-Info.plist";
				INSTALL_PATH = "$(HOME)/Applications";
				PRODUCT_NAME = MunkiAdmin;
				SDKROOT = macosx10.6;
				WRAPPER_EXTENSION = app;
			};
			name = Release;
		};
		26FC0A890875C7B200E6366F /* Debug */ = {
			isa = XCBuildConfiguration;
			buildSettings = {
				ARCHS = "$(ARCHS_STANDARD_32_64_BIT)";
				GCC_C_LANGUAGE_STANDARD = gnu99;
				GCC_WARN_ABOUT_RETURN_TYPE = YES;
				GCC_WARN_UNUSED_VARIABLE = YES;
				MACOSX_DEPLOYMENT_TARGET = 10.6;
				ONLY_ACTIVE_ARCH = YES;
				SDKROOT = macosx10.6;
			};
			name = Debug;
		};
		26FC0A8A0875C7B200E6366F /* Release */ = {
			isa = XCBuildConfiguration;
			buildSettings = {
				ARCHS = "$(ARCHS_STANDARD_32_64_BIT)";
				GCC_C_LANGUAGE_STANDARD = gnu99;
				GCC_WARN_ABOUT_RETURN_TYPE = YES;
				GCC_WARN_UNUSED_VARIABLE = YES;
				MACOSX_DEPLOYMENT_TARGET = 10.6;
				SDKROOT = macosx10.6;
			};
			name = Release;
		};
/* End XCBuildConfiguration section */

/* Begin XCConfigurationList section */
		26FC0A840875C7B200E6366F /* Build configuration list for PBXNativeTarget "MunkiAdmin" */ = {
			isa = XCConfigurationList;
			buildConfigurations = (
				26FC0A850875C7B200E6366F /* Debug */,
				26FC0A860875C7B200E6366F /* Release */,
			);
			defaultConfigurationIsVisible = 0;
			defaultConfigurationName = Release;
		};
		26FC0A880875C7B200E6366F /* Build configuration list for PBXProject "MunkiAdmin" */ = {
			isa = XCConfigurationList;
			buildConfigurations = (
				26FC0A890875C7B200E6366F /* Debug */,
				26FC0A8A0875C7B200E6366F /* Release */,
			);
			defaultConfigurationIsVisible = 0;
			defaultConfigurationName = Release;
		};
/* End XCConfigurationList section */
	};
	rootObject = 29B97313FDCFA39411CA2CEA /* Project object */;
}
